
Microsoft Visual Studio Solution File, Format Version 12.00
# Visual Studio Version 17
VisualStudioVersion = 17.11.35219.272
MinimumVisualStudioVersion = 10.0.40219.1
Project("{FAE04EC0-301F-11D3-BF4B-00C04F79EFBC}") = "Roll-stats", "Roll-stats.csproj", "{CC2081BE-832D-411F-8793-9261D683DECE}"
EndProject
Global
	GlobalSection(SolutionConfigurationPlatforms) = preSolution
		Debug|Any CPU = Debug|Any CPU
		Release|Any CPU = Release|Any CPU
	EndGlobalSection
	GlobalSection(ProjectConfigurationPlatforms) = postSolution
		{CC2081BE-832D-411F-8793-9261D683DECE}.Debug|Any CPU.ActiveCfg = Debug|Any CPU
		{CC2081BE-832D-411F-8793-9261D683DECE}.Debug|Any CPU.Build.0 = Debug|Any CPU
		{CC2081BE-832D-411F-8793-9261D683DECE}.Release|Any CPU.ActiveCfg = Release|Any CPU
		{CC2081BE-832D-411F-8793-9261D683DECE}.Release|Any CPU.Build.0 = Release|Any CPU
	EndGlobalSection
	GlobalSection(SolutionProperties) = preSolution
		HideSolutionNode = FALSE
	EndGlobalSection
	GlobalSection(ExtensibilityGlobals) = postSolution
		SolutionGuid = {6E95BBD6-81E6-4F7B-B7DA-B28AC2629A84}
	EndGlobalSection
EndGlobal
